// !$*UTF8*$!
{
	archiveVersion = 1;
	classes = {
	};
	objectVersion = 46;
	objects = {

/* Begin PBXBuildFile section */
		3E1DA77E162D850400AA622A /* libboost_iostreams.dylib in Frameworks */ = {isa = PBXBuildFile; fileRef = 42441A9615861785009863BE /* libboost_iostreams.dylib */; };
		3E1DA77F162D850400AA622A /* libboost_program_options.dylib in Frameworks */ = {isa = PBXBuildFile; fileRef = 42441A9715861785009863BE /* libboost_program_options.dylib */; };
		3E1DA780162D850400AA622A /* libboost_regex.dylib in Frameworks */ = {isa = PBXBuildFile; fileRef = 42441A9815861785009863BE /* libboost_regex.dylib */; };
		3E1DA781162D850400AA622A /* libboost_serialization.dylib in Frameworks */ = {isa = PBXBuildFile; fileRef = 42441A9915861785009863BE /* libboost_serialization.dylib */; };
		3E1DA782162D850400AA622A /* libboost_signals.dylib in Frameworks */ = {isa = PBXBuildFile; fileRef = 42441A9A15861785009863BE /* libboost_signals.dylib */; };
		3E1DA789162D855E00AA622A /* age_poly_2_task.cpp in Sources */ = {isa = PBXBuildFile; fileRef = 3EBF2BFF16273CD400161D9B /* age_poly_2_task.cpp */; };
		3E22CF44161E276300EB4D27 /* libboost_iostreams.dylib in Frameworks */ = {isa = PBXBuildFile; fileRef = 42441A9615861785009863BE /* libboost_iostreams.dylib */; };
		3E22CF45161E276300EB4D27 /* libboost_program_options.dylib in Frameworks */ = {isa = PBXBuildFile; fileRef = 42441A9715861785009863BE /* libboost_program_options.dylib */; };
		3E22CF46161E276300EB4D27 /* libboost_regex.dylib in Frameworks */ = {isa = PBXBuildFile; fileRef = 42441A9815861785009863BE /* libboost_regex.dylib */; };
		3E22CF47161E276300EB4D27 /* libboost_serialization.dylib in Frameworks */ = {isa = PBXBuildFile; fileRef = 42441A9915861785009863BE /* libboost_serialization.dylib */; };
		3E22CF48161E276300EB4D27 /* libboost_signals.dylib in Frameworks */ = {isa = PBXBuildFile; fileRef = 42441A9A15861785009863BE /* libboost_signals.dylib */; };
		3E22CF50161E277D00EB4D27 /* ts.cpp in Sources */ = {isa = PBXBuildFile; fileRef = 3ED5CED2161B42B900128910 /* ts.cpp */; };
		3E55AAC7166BC8B40097A0E5 /* gls_no_pseudo_soma.cpp in Sources */ = {isa = PBXBuildFile; fileRef = 3E55AAC4166BC7860097A0E5 /* gls_no_pseudo_soma.cpp */; };
		3E55AACD166BC8BD0097A0E5 /* libboost_iostreams.dylib in Frameworks */ = {isa = PBXBuildFile; fileRef = 42441A9615861785009863BE /* libboost_iostreams.dylib */; };
		3E55AACE166BC8BD0097A0E5 /* libboost_program_options.dylib in Frameworks */ = {isa = PBXBuildFile; fileRef = 42441A9715861785009863BE /* libboost_program_options.dylib */; };
		3E55AACF166BC8BD0097A0E5 /* libboost_regex.dylib in Frameworks */ = {isa = PBXBuildFile; fileRef = 42441A9815861785009863BE /* libboost_regex.dylib */; };
		3E55AAD0166BC8BD0097A0E5 /* libboost_serialization.dylib in Frameworks */ = {isa = PBXBuildFile; fileRef = 42441A9915861785009863BE /* libboost_serialization.dylib */; };
		3E55AAD1166BC8BD0097A0E5 /* libboost_signals.dylib in Frameworks */ = {isa = PBXBuildFile; fileRef = 42441A9A15861785009863BE /* libboost_signals.dylib */; };
		3E55AAD8166BC8CD0097A0E5 /* gls_no_soma.cpp in Sources */ = {isa = PBXBuildFile; fileRef = 3EA8CBF616612CC1003DC87E /* gls_no_soma.cpp */; };
		3E55ED3A174654C500735172 /* libea.a in Frameworks */ = {isa = PBXBuildFile; fileRef = 3EB67EE616F789C800111A41 /* libea.a */; };
		3E55ED3B174654C500735172 /* libboost_iostreams.dylib in Frameworks */ = {isa = PBXBuildFile; fileRef = 42441A9615861785009863BE /* libboost_iostreams.dylib */; };
		3E55ED3C174654C500735172 /* libboost_program_options.dylib in Frameworks */ = {isa = PBXBuildFile; fileRef = 42441A9715861785009863BE /* libboost_program_options.dylib */; };
		3E55ED3D174654C500735172 /* libboost_regex.dylib in Frameworks */ = {isa = PBXBuildFile; fileRef = 42441A9815861785009863BE /* libboost_regex.dylib */; };
		3E55ED3E174654C500735172 /* libboost_serialization.dylib in Frameworks */ = {isa = PBXBuildFile; fileRef = 42441A9915861785009863BE /* libboost_serialization.dylib */; };
		3E55ED3F174654C500735172 /* libboost_signals.dylib in Frameworks */ = {isa = PBXBuildFile; fileRef = 42441A9A15861785009863BE /* libboost_signals.dylib */; };
		3E55ED45174654DF00735172 /* ts-soft_reset.cpp in Sources */ = {isa = PBXBuildFile; fileRef = 3E55ED341746541800735172 /* ts-soft_reset.cpp */; };
		3E5DDA6516AF1A130002AF3E /* libboost_iostreams.dylib in Frameworks */ = {isa = PBXBuildFile; fileRef = 42441A9615861785009863BE /* libboost_iostreams.dylib */; };
		3E5DDA6616AF1A130002AF3E /* libboost_program_options.dylib in Frameworks */ = {isa = PBXBuildFile; fileRef = 42441A9715861785009863BE /* libboost_program_options.dylib */; };
		3E5DDA6716AF1A130002AF3E /* libboost_regex.dylib in Frameworks */ = {isa = PBXBuildFile; fileRef = 42441A9815861785009863BE /* libboost_regex.dylib */; };
		3E5DDA6816AF1A130002AF3E /* libboost_serialization.dylib in Frameworks */ = {isa = PBXBuildFile; fileRef = 42441A9915861785009863BE /* libboost_serialization.dylib */; };
		3E5DDA6916AF1A130002AF3E /* libboost_signals.dylib in Frameworks */ = {isa = PBXBuildFile; fileRef = 42441A9A15861785009863BE /* libboost_signals.dylib */; };
		3E5DDA7016AF1A210002AF3E /* age_poly_lr.cpp in Sources */ = {isa = PBXBuildFile; fileRef = 3E5DDA5E16AF18770002AF3E /* age_poly_lr.cpp */; };
		3EA3EEC216A984FA00EDE84B /* libboost_iostreams.dylib in Frameworks */ = {isa = PBXBuildFile; fileRef = 42441A9615861785009863BE /* libboost_iostreams.dylib */; };
		3EA3EEC316A984FA00EDE84B /* libboost_program_options.dylib in Frameworks */ = {isa = PBXBuildFile; fileRef = 42441A9715861785009863BE /* libboost_program_options.dylib */; };
		3EA3EEC416A984FA00EDE84B /* libboost_regex.dylib in Frameworks */ = {isa = PBXBuildFile; fileRef = 42441A9815861785009863BE /* libboost_regex.dylib */; };
		3EA3EEC516A984FA00EDE84B /* libboost_serialization.dylib in Frameworks */ = {isa = PBXBuildFile; fileRef = 42441A9915861785009863BE /* libboost_serialization.dylib */; };
		3EA3EEC616A984FA00EDE84B /* libboost_signals.dylib in Frameworks */ = {isa = PBXBuildFile; fileRef = 42441A9A15861785009863BE /* libboost_signals.dylib */; };
		3EA3EECD16A9852500EDE84B /* age_poly_3_task.cpp in Sources */ = {isa = PBXBuildFile; fileRef = 3EA3EEBB16A983BC00EDE84B /* age_poly_3_task.cpp */; };
		3EB3CAE415E7097500B82B07 /* libboost_iostreams.dylib in Frameworks */ = {isa = PBXBuildFile; fileRef = 42441A9615861785009863BE /* libboost_iostreams.dylib */; };
		3EB3CAE515E7097500B82B07 /* libboost_program_options.dylib in Frameworks */ = {isa = PBXBuildFile; fileRef = 42441A9715861785009863BE /* libboost_program_options.dylib */; };
		3EB3CAE615E7097500B82B07 /* libboost_regex.dylib in Frameworks */ = {isa = PBXBuildFile; fileRef = 42441A9815861785009863BE /* libboost_regex.dylib */; };
		3EB3CAE715E7097500B82B07 /* libboost_serialization.dylib in Frameworks */ = {isa = PBXBuildFile; fileRef = 42441A9915861785009863BE /* libboost_serialization.dylib */; };
		3EB3CAE815E7097500B82B07 /* libboost_signals.dylib in Frameworks */ = {isa = PBXBuildFile; fileRef = 42441A9A15861785009863BE /* libboost_signals.dylib */; };
		3EB67EE716F789C800111A41 /* libea.a in Frameworks */ = {isa = PBXBuildFile; fileRef = 3EB67EE616F789C800111A41 /* libea.a */; };
		3EB67F0016FB203E00111A41 /* libea.a in Frameworks */ = {isa = PBXBuildFile; fileRef = 3EB67EE616F789C800111A41 /* libea.a */; };
		3EB67F0116FB203E00111A41 /* libboost_iostreams.dylib in Frameworks */ = {isa = PBXBuildFile; fileRef = 42441A9615861785009863BE /* libboost_iostreams.dylib */; };
		3EB67F0216FB203E00111A41 /* libboost_program_options.dylib in Frameworks */ = {isa = PBXBuildFile; fileRef = 42441A9715861785009863BE /* libboost_program_options.dylib */; };
		3EB67F0316FB203E00111A41 /* libboost_regex.dylib in Frameworks */ = {isa = PBXBuildFile; fileRef = 42441A9815861785009863BE /* libboost_regex.dylib */; };
		3EB67F0416FB203E00111A41 /* libboost_serialization.dylib in Frameworks */ = {isa = PBXBuildFile; fileRef = 42441A9915861785009863BE /* libboost_serialization.dylib */; };
		3EB67F0516FB203E00111A41 /* libboost_signals.dylib in Frameworks */ = {isa = PBXBuildFile; fileRef = 42441A9A15861785009863BE /* libboost_signals.dylib */; };
		3EB67F0B16FB205E00111A41 /* gls_unlimited_not.cpp in Sources */ = {isa = PBXBuildFile; fileRef = 3EB67EF616FB1FAA00111A41 /* gls_unlimited_not.cpp */; };
		3EB67F1016FB208A00111A41 /* libea.a in Frameworks */ = {isa = PBXBuildFile; fileRef = 3EB67EE616F789C800111A41 /* libea.a */; };
		3EB67F1116FB208A00111A41 /* libboost_iostreams.dylib in Frameworks */ = {isa = PBXBuildFile; fileRef = 42441A9615861785009863BE /* libboost_iostreams.dylib */; };
		3EB67F1216FB208A00111A41 /* libboost_program_options.dylib in Frameworks */ = {isa = PBXBuildFile; fileRef = 42441A9715861785009863BE /* libboost_program_options.dylib */; };
		3EB67F1316FB208A00111A41 /* libboost_regex.dylib in Frameworks */ = {isa = PBXBuildFile; fileRef = 42441A9815861785009863BE /* libboost_regex.dylib */; };
		3EB67F1416FB208A00111A41 /* libboost_serialization.dylib in Frameworks */ = {isa = PBXBuildFile; fileRef = 42441A9915861785009863BE /* libboost_serialization.dylib */; };
		3EB67F1516FB208A00111A41 /* libboost_signals.dylib in Frameworks */ = {isa = PBXBuildFile; fileRef = 42441A9A15861785009863BE /* libboost_signals.dylib */; };
		3EB67F1B16FB209D00111A41 /* gls_unlimited_all.cpp in Sources */ = {isa = PBXBuildFile; fileRef = 3EB67EF816FB1FC300111A41 /* gls_unlimited_all.cpp */; };
		3EBE55CA170EF5B50040E0BD /* libea.a in Frameworks */ = {isa = PBXBuildFile; fileRef = 3EB67EE616F789C800111A41 /* libea.a */; };
		3EBE55CB171043120040E0BD /* libea.a in Frameworks */ = {isa = PBXBuildFile; fileRef = 3EB67EE616F789C800111A41 /* libea.a */; };
		3EBE55CC171043340040E0BD /* libea.a in Frameworks */ = {isa = PBXBuildFile; fileRef = 3EB67EE616F789C800111A41 /* libea.a */; };
		3EBE55CD1710433A0040E0BD /* libea.a in Frameworks */ = {isa = PBXBuildFile; fileRef = 3EB67EE616F789C800111A41 /* libea.a */; };
		3EBE55CE171043410040E0BD /* libea.a in Frameworks */ = {isa = PBXBuildFile; fileRef = 3EB67EE616F789C800111A41 /* libea.a */; };
		3EBE55CF171043490040E0BD /* libea.a in Frameworks */ = {isa = PBXBuildFile; fileRef = 3EB67EE616F789C800111A41 /* libea.a */; };
		3EF08D88174CE516007852C8 /* libea.a in Frameworks */ = {isa = PBXBuildFile; fileRef = 3EB67EE616F789C800111A41 /* libea.a */; };
		3EF08D89174CE516007852C8 /* libboost_iostreams.dylib in Frameworks */ = {isa = PBXBuildFile; fileRef = 42441A9615861785009863BE /* libboost_iostreams.dylib */; };
		3EF08D8A174CE516007852C8 /* libboost_program_options.dylib in Frameworks */ = {isa = PBXBuildFile; fileRef = 42441A9715861785009863BE /* libboost_program_options.dylib */; };
		3EF08D8B174CE516007852C8 /* libboost_regex.dylib in Frameworks */ = {isa = PBXBuildFile; fileRef = 42441A9815861785009863BE /* libboost_regex.dylib */; };
		3EF08D8C174CE516007852C8 /* libboost_serialization.dylib in Frameworks */ = {isa = PBXBuildFile; fileRef = 42441A9915861785009863BE /* libboost_serialization.dylib */; };
		3EF08D8D174CE516007852C8 /* libboost_signals.dylib in Frameworks */ = {isa = PBXBuildFile; fileRef = 42441A9A15861785009863BE /* libboost_signals.dylib */; };
		3EF08D93174CE545007852C8 /* propagule_size.cpp in Sources */ = {isa = PBXBuildFile; fileRef = 3EF08D82174CDB20007852C8 /* propagule_size.cpp */; };
		42441A9B15861785009863BE /* libboost_iostreams.dylib in Frameworks */ = {isa = PBXBuildFile; fileRef = 42441A9615861785009863BE /* libboost_iostreams.dylib */; };
		42441A9C15861785009863BE /* libboost_program_options.dylib in Frameworks */ = {isa = PBXBuildFile; fileRef = 42441A9715861785009863BE /* libboost_program_options.dylib */; };
		42441A9D15861785009863BE /* libboost_regex.dylib in Frameworks */ = {isa = PBXBuildFile; fileRef = 42441A9815861785009863BE /* libboost_regex.dylib */; };
		42441A9E15861785009863BE /* libboost_serialization.dylib in Frameworks */ = {isa = PBXBuildFile; fileRef = 42441A9915861785009863BE /* libboost_serialization.dylib */; };
		42441A9F15861785009863BE /* libboost_signals.dylib in Frameworks */ = {isa = PBXBuildFile; fileRef = 42441A9A15861785009863BE /* libboost_signals.dylib */; };
		42441AA2158617D9009863BE /* main.cpp in Sources */ = {isa = PBXBuildFile; fileRef = 42441A82158616AF009863BE /* main.cpp */; };
/* End PBXBuildFile section */

/* Begin PBXCopyFilesBuildPhase section */
		3E1DA783162D850400AA622A /* CopyFiles */ = {
			isa = PBXCopyFilesBuildPhase;
			buildActionMask = 2147483647;
			dstPath = /usr/share/man/man1/;
			dstSubfolderSpec = 0;
			files = (
			);
			runOnlyForDeploymentPostprocessing = 1;
		};
		3E22CF49161E276300EB4D27 /* CopyFiles */ = {
			isa = PBXCopyFilesBuildPhase;
			buildActionMask = 2147483647;
			dstPath = /usr/share/man/man1/;
			dstSubfolderSpec = 0;
			files = (
			);
			runOnlyForDeploymentPostprocessing = 1;
		};
		3E55AAD2166BC8BD0097A0E5 /* CopyFiles */ = {
			isa = PBXCopyFilesBuildPhase;
			buildActionMask = 2147483647;
			dstPath = /usr/share/man/man1/;
			dstSubfolderSpec = 0;
			files = (
			);
			runOnlyForDeploymentPostprocessing = 1;
		};
		3E55ED40174654C500735172 /* CopyFiles */ = {
			isa = PBXCopyFilesBuildPhase;
			buildActionMask = 2147483647;
			dstPath = /usr/share/man/man1/;
			dstSubfolderSpec = 0;
			files = (
			);
			runOnlyForDeploymentPostprocessing = 1;
		};
		3E5DDA6A16AF1A130002AF3E /* CopyFiles */ = {
			isa = PBXCopyFilesBuildPhase;
			buildActionMask = 2147483647;
			dstPath = /usr/share/man/man1/;
			dstSubfolderSpec = 0;
			files = (
			);
			runOnlyForDeploymentPostprocessing = 1;
		};
		3EA3EEC716A984FA00EDE84B /* CopyFiles */ = {
			isa = PBXCopyFilesBuildPhase;
			buildActionMask = 2147483647;
			dstPath = /usr/share/man/man1/;
			dstSubfolderSpec = 0;
			files = (
			);
			runOnlyForDeploymentPostprocessing = 1;
		};
		3EB3CAE915E7097500B82B07 /* CopyFiles */ = {
			isa = PBXCopyFilesBuildPhase;
			buildActionMask = 2147483647;
			dstPath = /usr/share/man/man1/;
			dstSubfolderSpec = 0;
			files = (
			);
			runOnlyForDeploymentPostprocessing = 1;
		};
		3EB67F0616FB203E00111A41 /* CopyFiles */ = {
			isa = PBXCopyFilesBuildPhase;
			buildActionMask = 2147483647;
			dstPath = /usr/share/man/man1/;
			dstSubfolderSpec = 0;
			files = (
			);
			runOnlyForDeploymentPostprocessing = 1;
		};
		3EB67F1616FB208A00111A41 /* CopyFiles */ = {
			isa = PBXCopyFilesBuildPhase;
			buildActionMask = 2147483647;
			dstPath = /usr/share/man/man1/;
			dstSubfolderSpec = 0;
			files = (
			);
			runOnlyForDeploymentPostprocessing = 1;
		};
		3EF08D8E174CE516007852C8 /* CopyFiles */ = {
			isa = PBXCopyFilesBuildPhase;
			buildActionMask = 2147483647;
			dstPath = /usr/share/man/man1/;
			dstSubfolderSpec = 0;
			files = (
			);
			runOnlyForDeploymentPostprocessing = 1;
		};
		42441A8915861724009863BE /* CopyFiles */ = {
			isa = PBXCopyFilesBuildPhase;
			buildActionMask = 2147483647;
			dstPath = /usr/share/man/man1/;
			dstSubfolderSpec = 0;
			files = (
			);
			runOnlyForDeploymentPostprocessing = 1;
		};
/* End PBXCopyFilesBuildPhase section */

/* Begin PBXFileReference section */
		3E08301215D8095C00097C42 /* selfrep_not_ancestor.h */ = {isa = PBXFileReference; fileEncoding = 4; lastKnownFileType = sourcecode.c.h; path = selfrep_not_ancestor.h; sourceTree = "<group>"; };
		3E1DA777162D831300AA622A /* multi_birth_selfrep_not_nand_ancestor.h */ = {isa = PBXFileReference; fileEncoding = 4; lastKnownFileType = sourcecode.c.h; path = multi_birth_selfrep_not_nand_ancestor.h; sourceTree = "<group>"; };
		3E1DA787162D850400AA622A /* age_poly */ = {isa = PBXFileReference; explicitFileType = "compiled.mach-o.executable"; includeInIndex = 0; path = age_poly; sourceTree = BUILT_PRODUCTS_DIR; };
		3E1DA7BA1630631900AA622A /* subpopulation_lod_analysis.h */ = {isa = PBXFileReference; lastKnownFileType = sourcecode.c.h; path = subpopulation_lod_analysis.h; sourceTree = "<group>"; };
		3E22CF4D161E276300EB4D27 /* ts */ = {isa = PBXFileReference; explicitFileType = "compiled.mach-o.executable"; includeInIndex = 0; path = ts; sourceTree = BUILT_PRODUCTS_DIR; };
		3E22CF51161E27E400EB4D27 /* resource_consumption.h */ = {isa = PBXFileReference; lastKnownFileType = sourcecode.c.h; path = resource_consumption.h; sourceTree = "<group>"; };
		3E22CF52161E2ED600EB4D27 /* subpopulation_founder.h */ = {isa = PBXFileReference; lastKnownFileType = sourcecode.c.h; path = subpopulation_founder.h; sourceTree = "<group>"; };
		3E22CF62161E31A800EB4D27 /* configurable_mutation.h */ = {isa = PBXFileReference; fileEncoding = 4; lastKnownFileType = sourcecode.c.h; path = configurable_mutation.h; sourceTree = "<group>"; };
		3E4067EE16A88A580034413F /* multi_birth_selfrep_nand_not_ancestor.h */ = {isa = PBXFileReference; lastKnownFileType = sourcecode.c.h; path = multi_birth_selfrep_nand_not_ancestor.h; sourceTree = "<group>"; };
		3E497E03171D722100202314 /* shannon_mutual_lod_tasks_orgs.h */ = {isa = PBXFileReference; lastKnownFileType = sourcecode.c.h; path = shannon_mutual_lod_tasks_orgs.h; sourceTree = "<group>"; };
		3E55AAC4166BC7860097A0E5 /* gls_no_pseudo_soma.cpp */ = {isa = PBXFileReference; lastKnownFileType = sourcecode.cpp.cpp; path = gls_no_pseudo_soma.cpp; sourceTree = "<group>"; };
		3E55AAD6166BC8BD0097A0E5 /* gls_no_soma */ = {isa = PBXFileReference; explicitFileType = "compiled.mach-o.executable"; includeInIndex = 0; path = gls_no_soma; sourceTree = BUILT_PRODUCTS_DIR; };
		3E55ED341746541800735172 /* ts-soft_reset.cpp */ = {isa = PBXFileReference; lastKnownFileType = sourcecode.cpp.cpp; path = "ts-soft_reset.cpp"; sourceTree = "<group>"; };
		3E55ED44174654C500735172 /* ts-soft-reset */ = {isa = PBXFileReference; explicitFileType = "compiled.mach-o.executable"; includeInIndex = 0; path = "ts-soft-reset"; sourceTree = BUILT_PRODUCTS_DIR; };
		3E5DDA5E16AF18770002AF3E /* age_poly_lr.cpp */ = {isa = PBXFileReference; lastKnownFileType = sourcecode.cpp.cpp; path = age_poly_lr.cpp; sourceTree = "<group>"; };
		3E5DDA6E16AF1A130002AF3E /* age_poly_lr */ = {isa = PBXFileReference; explicitFileType = "compiled.mach-o.executable"; includeInIndex = 0; path = age_poly_lr; sourceTree = BUILT_PRODUCTS_DIR; };
		3E5DDA7116AF1A8E0002AF3E /* multi_birth_selfrep_not_ancestor.h */ = {isa = PBXFileReference; lastKnownFileType = sourcecode.c.h; path = multi_birth_selfrep_not_ancestor.h; sourceTree = "<group>"; };
		3E71F5E515DBF7D1002AFEB7 /* repro_not_ancestor.h */ = {isa = PBXFileReference; fileEncoding = 4; lastKnownFileType = sourcecode.c.h; path = repro_not_ancestor.h; sourceTree = "<group>"; };
		3EA3EEBB16A983BC00EDE84B /* age_poly_3_task.cpp */ = {isa = PBXFileReference; lastKnownFileType = sourcecode.cpp.cpp; path = age_poly_3_task.cpp; sourceTree = "<group>"; };
		3EA3EECB16A984FA00EDE84B /* age_poly_3 */ = {isa = PBXFileReference; explicitFileType = "compiled.mach-o.executable"; includeInIndex = 0; path = age_poly_3; sourceTree = BUILT_PRODUCTS_DIR; };
		3EA3EECE16A9A75100EDE84B /* multi_birth_selfrep_not_nand_ornot_ancestor.h */ = {isa = PBXFileReference; lastKnownFileType = sourcecode.c.h; path = multi_birth_selfrep_not_nand_ornot_ancestor.h; sourceTree = "<group>"; };
		3EA8CBF616612CC1003DC87E /* gls_no_soma.cpp */ = {isa = PBXFileReference; lastKnownFileType = sourcecode.cpp.cpp; path = gls_no_soma.cpp; sourceTree = "<group>"; };
		3EB3CA8515E6F62E00B82B07 /* gls.h */ = {isa = PBXFileReference; fileEncoding = 4; lastKnownFileType = sourcecode.c.h; path = gls.h; sourceTree = "<group>"; };
		3EB3CAED15E7097500B82B07 /* gls_no_pseudo_soma */ = {isa = PBXFileReference; explicitFileType = "compiled.mach-o.executable"; includeInIndex = 0; path = gls_no_pseudo_soma; sourceTree = BUILT_PRODUCTS_DIR; };
		3EB67EE616F789C800111A41 /* libea.a */ = {isa = PBXFileReference; lastKnownFileType = archive.ar; name = libea.a; path = ../ealib/build/Debug/libea.a; sourceTree = "<group>"; };
		3EB67EF616FB1FAA00111A41 /* gls_unlimited_not.cpp */ = {isa = PBXFileReference; lastKnownFileType = sourcecode.cpp.cpp; path = gls_unlimited_not.cpp; sourceTree = "<group>"; };
		3EB67EF816FB1FC300111A41 /* gls_unlimited_all.cpp */ = {isa = PBXFileReference; fileEncoding = 4; lastKnownFileType = sourcecode.cpp.cpp; path = gls_unlimited_all.cpp; sourceTree = "<group>"; };
		3EB67F0A16FB203E00111A41 /* gls_unlimited_not */ = {isa = PBXFileReference; explicitFileType = "compiled.mach-o.executable"; includeInIndex = 0; path = gls_unlimited_not; sourceTree = BUILT_PRODUCTS_DIR; };
		3EB67F1A16FB208A00111A41 /* gls_unlimited_all */ = {isa = PBXFileReference; explicitFileType = "compiled.mach-o.executable"; includeInIndex = 0; path = gls_unlimited_all; sourceTree = BUILT_PRODUCTS_DIR; };
		3EBF2BFE1625CF2900161D9B /* age_poly.h */ = {isa = PBXFileReference; fileEncoding = 4; lastKnownFileType = sourcecode.c.h; path = age_poly.h; sourceTree = "<group>"; };
		3EBF2BFF16273CD400161D9B /* age_poly_2_task.cpp */ = {isa = PBXFileReference; lastKnownFileType = sourcecode.cpp.cpp; path = age_poly_2_task.cpp; sourceTree = "<group>"; };
		3ED5CED2161B42B900128910 /* ts.cpp */ = {isa = PBXFileReference; lastKnownFileType = sourcecode.cpp.cpp; path = ts.cpp; sourceTree = "<group>"; };
		3ED5CED4161B436700128910 /* ts.h */ = {isa = PBXFileReference; fileEncoding = 4; lastKnownFileType = sourcecode.c.h; path = ts.h; sourceTree = "<group>"; };
		3EF08D8117494045007852C8 /* lod_knockouts.h */ = {isa = PBXFileReference; lastKnownFileType = sourcecode.c.h; path = lod_knockouts.h; sourceTree = "<group>"; };
		3EF08D82174CDB20007852C8 /* propagule_size.cpp */ = {isa = PBXFileReference; lastKnownFileType = sourcecode.cpp.cpp; path = propagule_size.cpp; sourceTree = "<group>"; };
		3EF08D83174CDBE8007852C8 /* propagule_size.h */ = {isa = PBXFileReference; lastKnownFileType = sourcecode.c.h; path = propagule_size.h; sourceTree = "<group>"; };
		3EF08D92174CE517007852C8 /* propagule_size */ = {isa = PBXFileReference; explicitFileType = "compiled.mach-o.executable"; includeInIndex = 0; path = propagule_size; sourceTree = BUILT_PRODUCTS_DIR; };
		42441A7E158616AF009863BE /* ealife.xcconfig */ = {isa = PBXFileReference; lastKnownFileType = text.xcconfig; path = ealife.xcconfig; sourceTree = "<group>"; };
		42441A7F158616AF009863BE /* libea_defaults.cfg */ = {isa = PBXFileReference; lastKnownFileType = text; path = libea_defaults.cfg; sourceTree = "<group>"; };
		42441A80158616AF009863BE /* Jamroot */ = {isa = PBXFileReference; lastKnownFileType = text; path = Jamroot; sourceTree = "<group>"; };
		42441A82158616AF009863BE /* main.cpp */ = {isa = PBXFileReference; lastKnownFileType = sourcecode.cpp.cpp; path = main.cpp; sourceTree = "<group>"; };
		42441A8B15861724009863BE /* gls */ = {isa = PBXFileReference; explicitFileType = "compiled.mach-o.executable"; includeInIndex = 0; path = gls; sourceTree = BUILT_PRODUCTS_DIR; };
		42441A9615861785009863BE /* libboost_iostreams.dylib */ = {isa = PBXFileReference; lastKnownFileType = "compiled.mach-o.dylib"; name = libboost_iostreams.dylib; path = /usr/local/lib/libboost_iostreams.dylib; sourceTree = "<absolute>"; };
		42441A9715861785009863BE /* libboost_program_options.dylib */ = {isa = PBXFileReference; lastKnownFileType = "compiled.mach-o.dylib"; name = libboost_program_options.dylib; path = /usr/local/lib/libboost_program_options.dylib; sourceTree = "<absolute>"; };
		42441A9815861785009863BE /* libboost_regex.dylib */ = {isa = PBXFileReference; lastKnownFileType = "compiled.mach-o.dylib"; name = libboost_regex.dylib; path = /usr/local/lib/libboost_regex.dylib; sourceTree = "<absolute>"; };
		42441A9915861785009863BE /* libboost_serialization.dylib */ = {isa = PBXFileReference; lastKnownFileType = "compiled.mach-o.dylib"; name = libboost_serialization.dylib; path = /usr/local/lib/libboost_serialization.dylib; sourceTree = "<absolute>"; };
		42441A9A15861785009863BE /* libboost_signals.dylib */ = {isa = PBXFileReference; lastKnownFileType = "compiled.mach-o.dylib"; name = libboost_signals.dylib; path = /usr/local/lib/libboost_signals.dylib; sourceTree = "<absolute>"; };
		42441B2815862C44009863BE /* libea.a */ = {isa = PBXFileReference; lastKnownFileType = archive.ar; name = libea.a; path = ../../../DerivedData/research/Build/Products/Debug/libea.a; sourceTree = "<group>"; };
/* End PBXFileReference section */

/* Begin PBXFrameworksBuildPhase section */
		3E1DA77C162D850400AA622A /* Frameworks */ = {
			isa = PBXFrameworksBuildPhase;
			buildActionMask = 2147483647;
			files = (
				3EBE55CC171043340040E0BD /* libea.a in Frameworks */,
				3E1DA77E162D850400AA622A /* libboost_iostreams.dylib in Frameworks */,
				3E1DA77F162D850400AA622A /* libboost_program_options.dylib in Frameworks */,
				3E1DA780162D850400AA622A /* libboost_regex.dylib in Frameworks */,
				3E1DA781162D850400AA622A /* libboost_serialization.dylib in Frameworks */,
				3E1DA782162D850400AA622A /* libboost_signals.dylib in Frameworks */,
			);
			runOnlyForDeploymentPostprocessing = 0;
		};
		3E22CF42161E276300EB4D27 /* Frameworks */ = {
			isa = PBXFrameworksBuildPhase;
			buildActionMask = 2147483647;
			files = (
				3EBE55CA170EF5B50040E0BD /* libea.a in Frameworks */,
				3E22CF44161E276300EB4D27 /* libboost_iostreams.dylib in Frameworks */,
				3E22CF45161E276300EB4D27 /* libboost_program_options.dylib in Frameworks */,
				3E22CF46161E276300EB4D27 /* libboost_regex.dylib in Frameworks */,
				3E22CF47161E276300EB4D27 /* libboost_serialization.dylib in Frameworks */,
				3E22CF48161E276300EB4D27 /* libboost_signals.dylib in Frameworks */,
			);
			runOnlyForDeploymentPostprocessing = 0;
		};
		3E55AACB166BC8BD0097A0E5 /* Frameworks */ = {
			isa = PBXFrameworksBuildPhase;
			buildActionMask = 2147483647;
			files = (
				3EBE55CD1710433A0040E0BD /* libea.a in Frameworks */,
				3E55AACD166BC8BD0097A0E5 /* libboost_iostreams.dylib in Frameworks */,
				3E55AACE166BC8BD0097A0E5 /* libboost_program_options.dylib in Frameworks */,
				3E55AACF166BC8BD0097A0E5 /* libboost_regex.dylib in Frameworks */,
				3E55AAD0166BC8BD0097A0E5 /* libboost_serialization.dylib in Frameworks */,
				3E55AAD1166BC8BD0097A0E5 /* libboost_signals.dylib in Frameworks */,
			);
			runOnlyForDeploymentPostprocessing = 0;
		};
		3E55ED39174654C500735172 /* Frameworks */ = {
			isa = PBXFrameworksBuildPhase;
			buildActionMask = 2147483647;
			files = (
				3E55ED3A174654C500735172 /* libea.a in Frameworks */,
				3E55ED3B174654C500735172 /* libboost_iostreams.dylib in Frameworks */,
				3E55ED3C174654C500735172 /* libboost_program_options.dylib in Frameworks */,
				3E55ED3D174654C500735172 /* libboost_regex.dylib in Frameworks */,
				3E55ED3E174654C500735172 /* libboost_serialization.dylib in Frameworks */,
				3E55ED3F174654C500735172 /* libboost_signals.dylib in Frameworks */,
			);
			runOnlyForDeploymentPostprocessing = 0;
		};
		3E5DDA6316AF1A130002AF3E /* Frameworks */ = {
			isa = PBXFrameworksBuildPhase;
			buildActionMask = 2147483647;
			files = (
				3EBE55CF171043490040E0BD /* libea.a in Frameworks */,
				3E5DDA6516AF1A130002AF3E /* libboost_iostreams.dylib in Frameworks */,
				3E5DDA6616AF1A130002AF3E /* libboost_program_options.dylib in Frameworks */,
				3E5DDA6716AF1A130002AF3E /* libboost_regex.dylib in Frameworks */,
				3E5DDA6816AF1A130002AF3E /* libboost_serialization.dylib in Frameworks */,
				3E5DDA6916AF1A130002AF3E /* libboost_signals.dylib in Frameworks */,
			);
			runOnlyForDeploymentPostprocessing = 0;
		};
		3EA3EEC016A984FA00EDE84B /* Frameworks */ = {
			isa = PBXFrameworksBuildPhase;
			buildActionMask = 2147483647;
			files = (
				3EBE55CE171043410040E0BD /* libea.a in Frameworks */,
				3EA3EEC216A984FA00EDE84B /* libboost_iostreams.dylib in Frameworks */,
				3EA3EEC316A984FA00EDE84B /* libboost_program_options.dylib in Frameworks */,
				3EA3EEC416A984FA00EDE84B /* libboost_regex.dylib in Frameworks */,
				3EA3EEC516A984FA00EDE84B /* libboost_serialization.dylib in Frameworks */,
				3EA3EEC616A984FA00EDE84B /* libboost_signals.dylib in Frameworks */,
			);
			runOnlyForDeploymentPostprocessing = 0;
		};
		3EB3CAE215E7097500B82B07 /* Frameworks */ = {
			isa = PBXFrameworksBuildPhase;
			buildActionMask = 2147483647;
			files = (
				3EBE55CB171043120040E0BD /* libea.a in Frameworks */,
				3EB3CAE415E7097500B82B07 /* libboost_iostreams.dylib in Frameworks */,
				3EB3CAE515E7097500B82B07 /* libboost_program_options.dylib in Frameworks */,
				3EB3CAE615E7097500B82B07 /* libboost_regex.dylib in Frameworks */,
				3EB3CAE715E7097500B82B07 /* libboost_serialization.dylib in Frameworks */,
				3EB3CAE815E7097500B82B07 /* libboost_signals.dylib in Frameworks */,
			);
			runOnlyForDeploymentPostprocessing = 0;
		};
		3EB67EFF16FB203E00111A41 /* Frameworks */ = {
			isa = PBXFrameworksBuildPhase;
			buildActionMask = 2147483647;
			files = (
				3EB67F0016FB203E00111A41 /* libea.a in Frameworks */,
				3EB67F0116FB203E00111A41 /* libboost_iostreams.dylib in Frameworks */,
				3EB67F0216FB203E00111A41 /* libboost_program_options.dylib in Frameworks */,
				3EB67F0316FB203E00111A41 /* libboost_regex.dylib in Frameworks */,
				3EB67F0416FB203E00111A41 /* libboost_serialization.dylib in Frameworks */,
				3EB67F0516FB203E00111A41 /* libboost_signals.dylib in Frameworks */,
			);
			runOnlyForDeploymentPostprocessing = 0;
		};
		3EB67F0F16FB208A00111A41 /* Frameworks */ = {
			isa = PBXFrameworksBuildPhase;
			buildActionMask = 2147483647;
			files = (
				3EB67F1016FB208A00111A41 /* libea.a in Frameworks */,
				3EB67F1116FB208A00111A41 /* libboost_iostreams.dylib in Frameworks */,
				3EB67F1216FB208A00111A41 /* libboost_program_options.dylib in Frameworks */,
				3EB67F1316FB208A00111A41 /* libboost_regex.dylib in Frameworks */,
				3EB67F1416FB208A00111A41 /* libboost_serialization.dylib in Frameworks */,
				3EB67F1516FB208A00111A41 /* libboost_signals.dylib in Frameworks */,
			);
			runOnlyForDeploymentPostprocessing = 0;
		};
		3EF08D87174CE516007852C8 /* Frameworks */ = {
			isa = PBXFrameworksBuildPhase;
			buildActionMask = 2147483647;
			files = (
				3EF08D88174CE516007852C8 /* libea.a in Frameworks */,
				3EF08D89174CE516007852C8 /* libboost_iostreams.dylib in Frameworks */,
				3EF08D8A174CE516007852C8 /* libboost_program_options.dylib in Frameworks */,
				3EF08D8B174CE516007852C8 /* libboost_regex.dylib in Frameworks */,
				3EF08D8C174CE516007852C8 /* libboost_serialization.dylib in Frameworks */,
				3EF08D8D174CE516007852C8 /* libboost_signals.dylib in Frameworks */,
			);
			runOnlyForDeploymentPostprocessing = 0;
		};
		42441A8815861724009863BE /* Frameworks */ = {
			isa = PBXFrameworksBuildPhase;
			buildActionMask = 2147483647;
			files = (
				3EB67EE716F789C800111A41 /* libea.a in Frameworks */,
				42441A9B15861785009863BE /* libboost_iostreams.dylib in Frameworks */,
				42441A9C15861785009863BE /* libboost_program_options.dylib in Frameworks */,
				42441A9D15861785009863BE /* libboost_regex.dylib in Frameworks */,
				42441A9E15861785009863BE /* libboost_serialization.dylib in Frameworks */,
				42441A9F15861785009863BE /* libboost_signals.dylib in Frameworks */,
			);
			runOnlyForDeploymentPostprocessing = 0;
		};
/* End PBXFrameworksBuildPhase section */

/* Begin PBXGroup section */
		424419E815861127009863BE = {
			isa = PBXGroup;
			children = (
				3EB67EE616F789C800111A41 /* libea.a */,
				42441A80158616AF009863BE /* Jamroot */,
				42441A7D158616AF009863BE /* etc */,
				42441A9515861785009863BE /* lib */,
				42441A81158616AF009863BE /* src */,
				424419F415861127009863BE /* Products */,
			);
			sourceTree = "<group>";
		};
		424419F415861127009863BE /* Products */ = {
			isa = PBXGroup;
			children = (
				42441A8B15861724009863BE /* gls */,
				3EB3CAED15E7097500B82B07 /* gls_no_pseudo_soma */,
				3E22CF4D161E276300EB4D27 /* ts */,
				3E1DA787162D850400AA622A /* age_poly */,
				3E55AAD6166BC8BD0097A0E5 /* gls_no_soma */,
				3EA3EECB16A984FA00EDE84B /* age_poly_3 */,
				3E5DDA6E16AF1A130002AF3E /* age_poly_lr */,
				3EB67F0A16FB203E00111A41 /* gls_unlimited_not */,
				3EB67F1A16FB208A00111A41 /* gls_unlimited_all */,
				3E55ED44174654C500735172 /* ts-soft-reset */,
				3EF08D92174CE517007852C8 /* propagule_size */,
			);
			name = Products;
			sourceTree = "<group>";
		};
		42441A7D158616AF009863BE /* etc */ = {
			isa = PBXGroup;
			children = (
				42441A7E158616AF009863BE /* ealife.xcconfig */,
				42441A7F158616AF009863BE /* libea_defaults.cfg */,
			);
			path = etc;
			sourceTree = "<group>";
		};
		42441A81158616AF009863BE /* src */ = {
			isa = PBXGroup;
			children = (
				3E71F5E515DBF7D1002AFEB7 /* repro_not_ancestor.h */,
				3E08301215D8095C00097C42 /* selfrep_not_ancestor.h */,
				3E1DA777162D831300AA622A /* multi_birth_selfrep_not_nand_ancestor.h */,
				3E4067EE16A88A580034413F /* multi_birth_selfrep_nand_not_ancestor.h */,
				3EB3CA8515E6F62E00B82B07 /* gls.h */,
				3ED5CED4161B436700128910 /* ts.h */,
				3EF08D83174CDBE8007852C8 /* propagule_size.h */,
				3E497E03171D722100202314 /* shannon_mutual_lod_tasks_orgs.h */,
				3E22CF51161E27E400EB4D27 /* resource_consumption.h */,
				3E22CF52161E2ED600EB4D27 /* subpopulation_founder.h */,
				3E22CF62161E31A800EB4D27 /* configurable_mutation.h */,
				3EBF2BFE1625CF2900161D9B /* age_poly.h */,
				3E1DA7BA1630631900AA622A /* subpopulation_lod_analysis.h */,
				3EF08D8117494045007852C8 /* lod_knockouts.h */,
				3EA3EECE16A9A75100EDE84B /* multi_birth_selfrep_not_nand_ornot_ancestor.h */,
				3E5DDA7116AF1A8E0002AF3E /* multi_birth_selfrep_not_ancestor.h */,
				42441A82158616AF009863BE /* main.cpp */,
				3ED5CED2161B42B900128910 /* ts.cpp */,
				3EBF2BFF16273CD400161D9B /* age_poly_2_task.cpp */,
				3EA8CBF616612CC1003DC87E /* gls_no_soma.cpp */,
				3E55AAC4166BC7860097A0E5 /* gls_no_pseudo_soma.cpp */,
				3EA3EEBB16A983BC00EDE84B /* age_poly_3_task.cpp */,
				3E5DDA5E16AF18770002AF3E /* age_poly_lr.cpp */,
				3EB67EF616FB1FAA00111A41 /* gls_unlimited_not.cpp */,
				3EB67EF816FB1FC300111A41 /* gls_unlimited_all.cpp */,
				3E55ED341746541800735172 /* ts-soft_reset.cpp */,
				3EF08D82174CDB20007852C8 /* propagule_size.cpp */,
			);
			path = src;
			sourceTree = "<group>";
		};
		42441A9515861785009863BE /* lib */ = {
			isa = PBXGroup;
			children = (
				42441B2815862C44009863BE /* libea.a */,
				42441A9615861785009863BE /* libboost_iostreams.dylib */,
				42441A9715861785009863BE /* libboost_program_options.dylib */,
				42441A9815861785009863BE /* libboost_regex.dylib */,
				42441A9915861785009863BE /* libboost_serialization.dylib */,
				42441A9A15861785009863BE /* libboost_signals.dylib */,
			);
			name = lib;
			path = /Users/dk/Documents/repositories/research.hg/src/ocr/../apps;
			sourceTree = "<absolute>";
		};
/* End PBXGroup section */

/* Begin PBXNativeTarget section */
		3E1DA779162D850400AA622A /* age_poly */ = {
			isa = PBXNativeTarget;
			buildConfigurationList = 3E1DA784162D850400AA622A /* Build configuration list for PBXNativeTarget "age_poly" */;
			buildPhases = (
				3E1DA77A162D850400AA622A /* Sources */,
				3E1DA77C162D850400AA622A /* Frameworks */,
				3E1DA783162D850400AA622A /* CopyFiles */,
			);
			buildRules = (
			);
			dependencies = (
			);
			name = age_poly;
			productName = ealife;
			productReference = 3E1DA787162D850400AA622A /* age_poly */;
			productType = "com.apple.product-type.tool";
		};
		3E22CF3F161E276300EB4D27 /* ts */ = {
			isa = PBXNativeTarget;
			buildConfigurationList = 3E22CF4A161E276300EB4D27 /* Build configuration list for PBXNativeTarget "ts" */;
			buildPhases = (
				3E22CF40161E276300EB4D27 /* Sources */,
				3E22CF42161E276300EB4D27 /* Frameworks */,
				3E22CF49161E276300EB4D27 /* CopyFiles */,
			);
			buildRules = (
			);
			dependencies = (
			);
			name = ts;
			productName = ealife;
			productReference = 3E22CF4D161E276300EB4D27 /* ts */;
			productType = "com.apple.product-type.tool";
		};
		3E55AAC8166BC8BD0097A0E5 /* gls_no_soma */ = {
			isa = PBXNativeTarget;
			buildConfigurationList = 3E55AAD3166BC8BD0097A0E5 /* Build configuration list for PBXNativeTarget "gls_no_soma" */;
			buildPhases = (
				3E55AAC9166BC8BD0097A0E5 /* Sources */,
				3E55AACB166BC8BD0097A0E5 /* Frameworks */,
				3E55AAD2166BC8BD0097A0E5 /* CopyFiles */,
			);
			buildRules = (
			);
			dependencies = (
			);
			name = gls_no_soma;
			productName = ealife;
			productReference = 3E55AAD6166BC8BD0097A0E5 /* gls_no_soma */;
			productType = "com.apple.product-type.tool";
		};
		3E55ED36174654C500735172 /* ts-soft-reset */ = {
			isa = PBXNativeTarget;
			buildConfigurationList = 3E55ED41174654C500735172 /* Build configuration list for PBXNativeTarget "ts-soft-reset" */;
			buildPhases = (
				3E55ED37174654C500735172 /* Sources */,
				3E55ED39174654C500735172 /* Frameworks */,
				3E55ED40174654C500735172 /* CopyFiles */,
			);
			buildRules = (
			);
			dependencies = (
			);
			name = "ts-soft-reset";
			productName = ealife;
			productReference = 3E55ED44174654C500735172 /* ts-soft-reset */;
			productType = "com.apple.product-type.tool";
		};
		3E5DDA6016AF1A130002AF3E /* age_poly_lr */ = {
			isa = PBXNativeTarget;
			buildConfigurationList = 3E5DDA6B16AF1A130002AF3E /* Build configuration list for PBXNativeTarget "age_poly_lr" */;
			buildPhases = (
				3E5DDA6116AF1A130002AF3E /* Sources */,
				3E5DDA6316AF1A130002AF3E /* Frameworks */,
				3E5DDA6A16AF1A130002AF3E /* CopyFiles */,
			);
			buildRules = (
			);
			dependencies = (
			);
			name = age_poly_lr;
			productName = ealife;
			productReference = 3E5DDA6E16AF1A130002AF3E /* age_poly_lr */;
			productType = "com.apple.product-type.tool";
		};
		3EA3EEBD16A984FA00EDE84B /* age_poly_3 */ = {
			isa = PBXNativeTarget;
			buildConfigurationList = 3EA3EEC816A984FA00EDE84B /* Build configuration list for PBXNativeTarget "age_poly_3" */;
			buildPhases = (
				3EA3EEBE16A984FA00EDE84B /* Sources */,
				3EA3EEC016A984FA00EDE84B /* Frameworks */,
				3EA3EEC716A984FA00EDE84B /* CopyFiles */,
			);
			buildRules = (
			);
			dependencies = (
			);
			name = age_poly_3;
			productName = ealife;
			productReference = 3EA3EECB16A984FA00EDE84B /* age_poly_3 */;
			productType = "com.apple.product-type.tool";
		};
		3EB3CADF15E7097500B82B07 /* gls_no_pseudo_soma */ = {
			isa = PBXNativeTarget;
			buildConfigurationList = 3EB3CAEA15E7097500B82B07 /* Build configuration list for PBXNativeTarget "gls_no_pseudo_soma" */;
			buildPhases = (
				3EB3CAE015E7097500B82B07 /* Sources */,
				3EB3CAE215E7097500B82B07 /* Frameworks */,
				3EB3CAE915E7097500B82B07 /* CopyFiles */,
			);
			buildRules = (
			);
			dependencies = (
			);
			name = gls_no_pseudo_soma;
			productName = ealife;
			productReference = 3EB3CAED15E7097500B82B07 /* gls_no_pseudo_soma */;
			productType = "com.apple.product-type.tool";
		};
		3EB67EFB16FB203E00111A41 /* gls_unlimited_not */ = {
			isa = PBXNativeTarget;
			buildConfigurationList = 3EB67F0716FB203E00111A41 /* Build configuration list for PBXNativeTarget "gls_unlimited_not" */;
			buildPhases = (
				3EB67EFC16FB203E00111A41 /* Sources */,
				3EB67EFF16FB203E00111A41 /* Frameworks */,
				3EB67F0616FB203E00111A41 /* CopyFiles */,
			);
			buildRules = (
			);
			dependencies = (
			);
			name = gls_unlimited_not;
			productName = ealife;
			productReference = 3EB67F0A16FB203E00111A41 /* gls_unlimited_not */;
			productType = "com.apple.product-type.tool";
		};
		3EB67F0C16FB208A00111A41 /* gls_unlimited_all */ = {
			isa = PBXNativeTarget;
			buildConfigurationList = 3EB67F1716FB208A00111A41 /* Build configuration list for PBXNativeTarget "gls_unlimited_all" */;
			buildPhases = (
				3EB67F0D16FB208A00111A41 /* Sources */,
				3EB67F0F16FB208A00111A41 /* Frameworks */,
				3EB67F1616FB208A00111A41 /* CopyFiles */,
			);
			buildRules = (
			);
			dependencies = (
			);
			name = gls_unlimited_all;
			productName = ealife;
			productReference = 3EB67F1A16FB208A00111A41 /* gls_unlimited_all */;
			productType = "com.apple.product-type.tool";
		};
		3EF08D84174CE516007852C8 /* propagule_size */ = {
			isa = PBXNativeTarget;
			buildConfigurationList = 3EF08D8F174CE516007852C8 /* Build configuration list for PBXNativeTarget "propagule_size" */;
			buildPhases = (
				3EF08D85174CE516007852C8 /* Sources */,
				3EF08D87174CE516007852C8 /* Frameworks */,
				3EF08D8E174CE516007852C8 /* CopyFiles */,
			);
			buildRules = (
			);
			dependencies = (
			);
			name = propagule_size;
			productName = ealife;
			productReference = 3EF08D92174CE517007852C8 /* propagule_size */;
			productType = "com.apple.product-type.tool";
		};
		42441A8A15861724009863BE /* gls */ = {
			isa = PBXNativeTarget;
			buildConfigurationList = 42441A9215861725009863BE /* Build configuration list for PBXNativeTarget "gls" */;
			buildPhases = (
				42441A8715861724009863BE /* Sources */,
				42441A8815861724009863BE /* Frameworks */,
				42441A8915861724009863BE /* CopyFiles */,
			);
			buildRules = (
			);
			dependencies = (
			);
			name = gls;
			productName = ealife;
			productReference = 42441A8B15861724009863BE /* gls */;
			productType = "com.apple.product-type.tool";
		};
/* End PBXNativeTarget section */

/* Begin PBXProject section */
		424419EA15861127009863BE /* Project object */ = {
			isa = PBXProject;
			attributes = {
				LastUpgradeCheck = 0420;
				ORGANIZATIONNAME = "Michigan State University";
			};
			buildConfigurationList = 424419ED15861127009863BE /* Build configuration list for PBXProject "ealife" */;
			compatibilityVersion = "Xcode 3.2";
			developmentRegion = English;
			hasScannedForEncodings = 0;
			knownRegions = (
				en,
			);
			mainGroup = 424419E815861127009863BE;
			productRefGroup = 424419F415861127009863BE /* Products */;
			projectDirPath = "";
			projectRoot = "";
			targets = (
				42441A8A15861724009863BE /* gls */,
				3EB3CADF15E7097500B82B07 /* gls_no_pseudo_soma */,
				3E22CF3F161E276300EB4D27 /* ts */,
				3E1DA779162D850400AA622A /* age_poly */,
				3E55AAC8166BC8BD0097A0E5 /* gls_no_soma */,
				3EA3EEBD16A984FA00EDE84B /* age_poly_3 */,
				3E5DDA6016AF1A130002AF3E /* age_poly_lr */,
				3EB67EFB16FB203E00111A41 /* gls_unlimited_not */,
				3EB67F0C16FB208A00111A41 /* gls_unlimited_all */,
				3E55ED36174654C500735172 /* ts-soft-reset */,
				3EF08D84174CE516007852C8 /* propagule_size */,
			);
		};
/* End PBXProject section */

/* Begin PBXSourcesBuildPhase section */
		3E1DA77A162D850400AA622A /* Sources */ = {
			isa = PBXSourcesBuildPhase;
			buildActionMask = 2147483647;
			files = (
				3E1DA789162D855E00AA622A /* age_poly_2_task.cpp in Sources */,
			);
			runOnlyForDeploymentPostprocessing = 0;
		};
		3E22CF40161E276300EB4D27 /* Sources */ = {
			isa = PBXSourcesBuildPhase;
			buildActionMask = 2147483647;
			files = (
				3E22CF50161E277D00EB4D27 /* ts.cpp in Sources */,
			);
			runOnlyForDeploymentPostprocessing = 0;
		};
		3E55AAC9166BC8BD0097A0E5 /* Sources */ = {
			isa = PBXSourcesBuildPhase;
			buildActionMask = 2147483647;
			files = (
				3E55AAD8166BC8CD0097A0E5 /* gls_no_soma.cpp in Sources */,
			);
			runOnlyForDeploymentPostprocessing = 0;
		};
		3E55ED37174654C500735172 /* Sources */ = {
			isa = PBXSourcesBuildPhase;
			buildActionMask = 2147483647;
			files = (
				3E55ED45174654DF00735172 /* ts-soft_reset.cpp in Sources */,
			);
			runOnlyForDeploymentPostprocessing = 0;
		};
		3E5DDA6116AF1A130002AF3E /* Sources */ = {
			isa = PBXSourcesBuildPhase;
			buildActionMask = 2147483647;
			files = (
				3E5DDA7016AF1A210002AF3E /* age_poly_lr.cpp in Sources */,
			);
			runOnlyForDeploymentPostprocessing = 0;
		};
		3EA3EEBE16A984FA00EDE84B /* Sources */ = {
			isa = PBXSourcesBuildPhase;
			buildActionMask = 2147483647;
			files = (
				3EA3EECD16A9852500EDE84B /* age_poly_3_task.cpp in Sources */,
			);
			runOnlyForDeploymentPostprocessing = 0;
		};
		3EB3CAE015E7097500B82B07 /* Sources */ = {
			isa = PBXSourcesBuildPhase;
			buildActionMask = 2147483647;
			files = (
				3E55AAC7166BC8B40097A0E5 /* gls_no_pseudo_soma.cpp in Sources */,
			);
			runOnlyForDeploymentPostprocessing = 0;
		};
		3EB67EFC16FB203E00111A41 /* Sources */ = {
			isa = PBXSourcesBuildPhase;
			buildActionMask = 2147483647;
			files = (
				3EB67F0B16FB205E00111A41 /* gls_unlimited_not.cpp in Sources */,
			);
			runOnlyForDeploymentPostprocessing = 0;
		};
		3EB67F0D16FB208A00111A41 /* Sources */ = {
			isa = PBXSourcesBuildPhase;
			buildActionMask = 2147483647;
			files = (
				3EB67F1B16FB209D00111A41 /* gls_unlimited_all.cpp in Sources */,
			);
			runOnlyForDeploymentPostprocessing = 0;
		};
		3EF08D85174CE516007852C8 /* Sources */ = {
			isa = PBXSourcesBuildPhase;
			buildActionMask = 2147483647;
			files = (
				3EF08D93174CE545007852C8 /* propagule_size.cpp in Sources */,
			);
			runOnlyForDeploymentPostprocessing = 0;
		};
		42441A8715861724009863BE /* Sources */ = {
			isa = PBXSourcesBuildPhase;
			buildActionMask = 2147483647;
			files = (
				42441AA2158617D9009863BE /* main.cpp in Sources */,
			);
			runOnlyForDeploymentPostprocessing = 0;
		};
/* End PBXSourcesBuildPhase section */

/* Begin XCBuildConfiguration section */
		3E1DA785162D850400AA622A /* Debug */ = {
			isa = XCBuildConfiguration;
			buildSettings = {
				GCC_WARN_ABOUT_RETURN_TYPE = YES;
				LIBRARY_SEARCH_PATHS = (
					"$(inherited)",
					"\"$(SRCROOT)/../DerivedData/research/Build/Products/Debug\"",
					"\"$(SRCROOT)/../ealib/build/Debug\"",
				);
				PRODUCT_NAME = age_poly;
			};
			name = Debug;
		};
		3E1DA786162D850400AA622A /* Release */ = {
			isa = XCBuildConfiguration;
			buildSettings = {
				GCC_WARN_ABOUT_RETURN_TYPE = YES;
				LIBRARY_SEARCH_PATHS = (
					"$(inherited)",
					"\"$(SRCROOT)/../DerivedData/research/Build/Products/Debug\"",
					"\"$(SRCROOT)/../ealib/build/Debug\"",
				);
				PRODUCT_NAME = age_poly;
			};
			name = Release;
		};
		3E22CF4B161E276300EB4D27 /* Debug */ = {
			isa = XCBuildConfiguration;
			buildSettings = {
				GCC_WARN_ABOUT_RETURN_TYPE = YES;
				LIBRARY_SEARCH_PATHS = (
					"$(inherited)",
					"\"$(SRCROOT)/../DerivedData/research/Build/Products/Debug\"",
					"\"$(SRCROOT)/../ealib/build/Debug\"",
				);
				PRODUCT_NAME = ts;
			};
			name = Debug;
		};
		3E22CF4C161E276300EB4D27 /* Release */ = {
			isa = XCBuildConfiguration;
			buildSettings = {
				GCC_WARN_ABOUT_RETURN_TYPE = YES;
				LIBRARY_SEARCH_PATHS = (
					"$(inherited)",
					"\"$(SRCROOT)/../DerivedData/research/Build/Products/Debug\"",
					"\"$(SRCROOT)/../ealib/build/Debug\"",
				);
				PRODUCT_NAME = ts;
			};
			name = Release;
		};
		3E55AAD4166BC8BD0097A0E5 /* Debug */ = {
			isa = XCBuildConfiguration;
			buildSettings = {
				GCC_WARN_ABOUT_RETURN_TYPE = YES;
				LIBRARY_SEARCH_PATHS = (
					"$(inherited)",
					"\"$(SRCROOT)/../DerivedData/research/Build/Products/Debug\"",
					"\"$(SRCROOT)/../ealib/build/Debug\"",
				);
				PRODUCT_NAME = gls_no_soma;
			};
			name = Debug;
		};
		3E55AAD5166BC8BD0097A0E5 /* Release */ = {
			isa = XCBuildConfiguration;
			buildSettings = {
				GCC_WARN_ABOUT_RETURN_TYPE = YES;
				LIBRARY_SEARCH_PATHS = (
					"$(inherited)",
					"\"$(SRCROOT)/../DerivedData/research/Build/Products/Debug\"",
					"\"$(SRCROOT)/../ealib/build/Debug\"",
				);
				PRODUCT_NAME = gls_no_soma;
			};
			name = Release;
		};
		3E55ED42174654C500735172 /* Debug */ = {
			isa = XCBuildConfiguration;
			buildSettings = {
				GCC_WARN_ABOUT_RETURN_TYPE = YES;
				LIBRARY_SEARCH_PATHS = (
					"$(inherited)",
					"\"$(SRCROOT)/../DerivedData/research/Build/Products/Debug\"",
					"\"$(SRCROOT)/../ealib/build/Debug\"",
				);
				PRODUCT_NAME = "ts-soft-reset";
			};
			name = Debug;
		};
		3E55ED43174654C500735172 /* Release */ = {
			isa = XCBuildConfiguration;
			buildSettings = {
				GCC_WARN_ABOUT_RETURN_TYPE = YES;
				LIBRARY_SEARCH_PATHS = (
					"$(inherited)",
					"\"$(SRCROOT)/../DerivedData/research/Build/Products/Debug\"",
					"\"$(SRCROOT)/../ealib/build/Debug\"",
				);
				PRODUCT_NAME = "ts-soft-reset";
			};
			name = Release;
		};
		3E5DDA6C16AF1A130002AF3E /* Debug */ = {
			isa = XCBuildConfiguration;
			buildSettings = {
				GCC_WARN_ABOUT_RETURN_TYPE = YES;
				LIBRARY_SEARCH_PATHS = (
					"$(inherited)",
					"\"$(SRCROOT)/../DerivedData/research/Build/Products/Debug\"",
					"\"$(SRCROOT)/../ealib/build/Debug\"",
				);
				PRODUCT_NAME = age_poly_lr;
			};
			name = Debug;
		};
		3E5DDA6D16AF1A130002AF3E /* Release */ = {
			isa = XCBuildConfiguration;
			buildSettings = {
				GCC_WARN_ABOUT_RETURN_TYPE = YES;
				LIBRARY_SEARCH_PATHS = (
					"$(inherited)",
					"\"$(SRCROOT)/../DerivedData/research/Build/Products/Debug\"",
					"\"$(SRCROOT)/../ealib/build/Debug\"",
				);
				PRODUCT_NAME = age_poly_lr;
			};
			name = Release;
		};
		3EA3EEC916A984FA00EDE84B /* Debug */ = {
			isa = XCBuildConfiguration;
			buildSettings = {
				GCC_WARN_ABOUT_RETURN_TYPE = YES;
				LIBRARY_SEARCH_PATHS = (
					"$(inherited)",
					"\"$(SRCROOT)/../DerivedData/research/Build/Products/Debug\"",
					"\"$(SRCROOT)/../ealib/build/Debug\"",
				);
				PRODUCT_NAME = age_poly_3;
			};
			name = Debug;
		};
		3EA3EECA16A984FA00EDE84B /* Release */ = {
			isa = XCBuildConfiguration;
			buildSettings = {
				GCC_WARN_ABOUT_RETURN_TYPE = YES;
				LIBRARY_SEARCH_PATHS = (
					"$(inherited)",
					"\"$(SRCROOT)/../DerivedData/research/Build/Products/Debug\"",
					"\"$(SRCROOT)/../ealib/build/Debug\"",
				);
				PRODUCT_NAME = age_poly_3;
			};
			name = Release;
		};
		3EB3CAEB15E7097500B82B07 /* Debug */ = {
			isa = XCBuildConfiguration;
			buildSettings = {
				GCC_WARN_ABOUT_RETURN_TYPE = YES;
				LIBRARY_SEARCH_PATHS = (
					"$(inherited)",
					"\"$(SRCROOT)/../DerivedData/research/Build/Products/Debug\"",
					"\"$(SRCROOT)/../ealib/build/Debug\"",
				);
				PRODUCT_NAME = gls_no_pseudo_soma;
			};
			name = Debug;
		};
		3EB3CAEC15E7097500B82B07 /* Release */ = {
			isa = XCBuildConfiguration;
			buildSettings = {
				GCC_WARN_ABOUT_RETURN_TYPE = YES;
				LIBRARY_SEARCH_PATHS = (
					"$(inherited)",
					"\"$(SRCROOT)/../DerivedData/research/Build/Products/Debug\"",
					"\"$(SRCROOT)/../ealib/build/Debug\"",
				);
				PRODUCT_NAME = gls_no_pseudo_soma;
			};
			name = Release;
		};
		3EB67F0816FB203E00111A41 /* Debug */ = {
			isa = XCBuildConfiguration;
			buildSettings = {
				GCC_WARN_ABOUT_RETURN_TYPE = YES;
				LIBRARY_SEARCH_PATHS = (
					"$(inherited)",
					"\"$(SRCROOT)/../DerivedData/research/Build/Products/Debug\"",
					"\"$(SRCROOT)/../ealib/build/Debug\"",
				);
				PRODUCT_NAME = gls_unlimited_not;
			};
			name = Debug;
		};
		3EB67F0916FB203E00111A41 /* Release */ = {
			isa = XCBuildConfiguration;
			buildSettings = {
				GCC_WARN_ABOUT_RETURN_TYPE = YES;
				LIBRARY_SEARCH_PATHS = (
					"$(inherited)",
					"\"$(SRCROOT)/../DerivedData/research/Build/Products/Debug\"",
					"\"$(SRCROOT)/../ealib/build/Debug\"",
				);
				PRODUCT_NAME = gls_unlimited_not;
			};
			name = Release;
		};
		3EB67F1816FB208A00111A41 /* Debug */ = {
			isa = XCBuildConfiguration;
			buildSettings = {
				GCC_WARN_ABOUT_RETURN_TYPE = YES;
				LIBRARY_SEARCH_PATHS = (
					"$(inherited)",
					"\"$(SRCROOT)/../DerivedData/research/Build/Products/Debug\"",
					"\"$(SRCROOT)/../ealib/build/Debug\"",
				);
				PRODUCT_NAME = gls_unlimited_all;
			};
			name = Debug;
		};
		3EB67F1916FB208A00111A41 /* Release */ = {
			isa = XCBuildConfiguration;
			buildSettings = {
				GCC_WARN_ABOUT_RETURN_TYPE = YES;
				LIBRARY_SEARCH_PATHS = (
					"$(inherited)",
					"\"$(SRCROOT)/../DerivedData/research/Build/Products/Debug\"",
					"\"$(SRCROOT)/../ealib/build/Debug\"",
				);
				PRODUCT_NAME = gls_unlimited_all;
			};
			name = Release;
		};
		3EF08D90174CE516007852C8 /* Debug */ = {
			isa = XCBuildConfiguration;
			buildSettings = {
				GCC_WARN_ABOUT_RETURN_TYPE = YES;
				LIBRARY_SEARCH_PATHS = (
					"$(inherited)",
					"\"$(SRCROOT)/../DerivedData/research/Build/Products/Debug\"",
					"\"$(SRCROOT)/../ealib/build/Debug\"",
				);
				PRODUCT_NAME = propagule_size;
			};
			name = Debug;
		};
		3EF08D91174CE516007852C8 /* Release */ = {
			isa = XCBuildConfiguration;
			buildSettings = {
				GCC_WARN_ABOUT_RETURN_TYPE = YES;
				LIBRARY_SEARCH_PATHS = (
					"$(inherited)",
					"\"$(SRCROOT)/../DerivedData/research/Build/Products/Debug\"",
					"\"$(SRCROOT)/../ealib/build/Debug\"",
				);
				PRODUCT_NAME = propagule_size;
			};
			name = Release;
		};
		424419FB15861127009863BE /* Debug */ = {
			isa = XCBuildConfiguration;
			baseConfigurationReference = 42441A7E158616AF009863BE /* ealife.xcconfig */;
			buildSettings = {
				ALWAYS_SEARCH_USER_PATHS = NO;
				ARCHS = "$(ARCHS_STANDARD_64_BIT)";
				COPY_PHASE_STRIP = NO;
				GCC_C_LANGUAGE_STANDARD = gnu99;
				GCC_DYNAMIC_NO_PIC = NO;
				GCC_ENABLE_OBJC_EXCEPTIONS = YES;
				GCC_OPTIMIZATION_LEVEL = 0;
				GCC_PREPROCESSOR_DEFINITIONS = (
					"DEBUG=1",
					"$(inherited)",
				);
				GCC_SYMBOLS_PRIVATE_EXTERN = NO;
				GCC_VERSION = com.apple.compilers.llvm.clang.1_0;
				MACOSX_DEPLOYMENT_TARGET = 10.7;
				ONLY_ACTIVE_ARCH = YES;
				SDKROOT = macosx;
			};
			name = Debug;
		};
		424419FC15861127009863BE /* Release */ = {
			isa = XCBuildConfiguration;
			baseConfigurationReference = 42441A7E158616AF009863BE /* ealife.xcconfig */;
			buildSettings = {
				ALWAYS_SEARCH_USER_PATHS = NO;
				ARCHS = "$(ARCHS_STANDARD_64_BIT)";
				COPY_PHASE_STRIP = YES;
				DEBUG_INFORMATION_FORMAT = "dwarf-with-dsym";
				GCC_C_LANGUAGE_STANDARD = gnu99;
				GCC_ENABLE_OBJC_EXCEPTIONS = YES;
				GCC_VERSION = com.apple.compilers.llvm.clang.1_0;
				MACOSX_DEPLOYMENT_TARGET = 10.7;
				SDKROOT = macosx;
			};
			name = Release;
		};
		42441A9315861725009863BE /* Debug */ = {
			isa = XCBuildConfiguration;
			buildSettings = {
				GCC_WARN_ABOUT_RETURN_TYPE = YES;
				LIBRARY_SEARCH_PATHS = (
					"$(inherited)",
					"\"$(SRCROOT)/../DerivedData/research/Build/Products/Debug\"",
					"\"$(SRCROOT)/../ealib/build/Debug\"",
				);
				PRODUCT_NAME = "$(TARGET_NAME)";
			};
			name = Debug;
		};
		42441A9415861725009863BE /* Release */ = {
			isa = XCBuildConfiguration;
			buildSettings = {
				GCC_WARN_ABOUT_RETURN_TYPE = YES;
				LIBRARY_SEARCH_PATHS = (
					"$(inherited)",
					"\"$(SRCROOT)/../DerivedData/research/Build/Products/Debug\"",
					"\"$(SRCROOT)/../ealib/build/Debug\"",
				);
				PRODUCT_NAME = "$(TARGET_NAME)";
			};
			name = Release;
		};
/* End XCBuildConfiguration section */

/* Begin XCConfigurationList section */
		3E1DA784162D850400AA622A /* Build configuration list for PBXNativeTarget "age_poly" */ = {
			isa = XCConfigurationList;
			buildConfigurations = (
				3E1DA785162D850400AA622A /* Debug */,
				3E1DA786162D850400AA622A /* Release */,
			);
			defaultConfigurationIsVisible = 0;
			defaultConfigurationName = Release;
		};
		3E22CF4A161E276300EB4D27 /* Build configuration list for PBXNativeTarget "ts" */ = {
			isa = XCConfigurationList;
			buildConfigurations = (
				3E22CF4B161E276300EB4D27 /* Debug */,
				3E22CF4C161E276300EB4D27 /* Release */,
			);
			defaultConfigurationIsVisible = 0;
			defaultConfigurationName = Release;
		};
		3E55AAD3166BC8BD0097A0E5 /* Build configuration list for PBXNativeTarget "gls_no_soma" */ = {
			isa = XCConfigurationList;
			buildConfigurations = (
				3E55AAD4166BC8BD0097A0E5 /* Debug */,
				3E55AAD5166BC8BD0097A0E5 /* Release */,
			);
			defaultConfigurationIsVisible = 0;
			defaultConfigurationName = Release;
		};
		3E55ED41174654C500735172 /* Build configuration list for PBXNativeTarget "ts-soft-reset" */ = {
			isa = XCConfigurationList;
			buildConfigurations = (
				3E55ED42174654C500735172 /* Debug */,
				3E55ED43174654C500735172 /* Release */,
			);
			defaultConfigurationIsVisible = 0;
			defaultConfigurationName = Release;
		};
		3E5DDA6B16AF1A130002AF3E /* Build configuration list for PBXNativeTarget "age_poly_lr" */ = {
			isa = XCConfigurationList;
			buildConfigurations = (
				3E5DDA6C16AF1A130002AF3E /* Debug */,
				3E5DDA6D16AF1A130002AF3E /* Release */,
			);
			defaultConfigurationIsVisible = 0;
			defaultConfigurationName = Release;
		};
		3EA3EEC816A984FA00EDE84B /* Build configuration list for PBXNativeTarget "age_poly_3" */ = {
			isa = XCConfigurationList;
			buildConfigurations = (
				3EA3EEC916A984FA00EDE84B /* Debug */,
				3EA3EECA16A984FA00EDE84B /* Release */,
			);
			defaultConfigurationIsVisible = 0;
			defaultConfigurationName = Release;
		};
		3EB3CAEA15E7097500B82B07 /* Build configuration list for PBXNativeTarget "gls_no_pseudo_soma" */ = {
			isa = XCConfigurationList;
			buildConfigurations = (
				3EB3CAEB15E7097500B82B07 /* Debug */,
				3EB3CAEC15E7097500B82B07 /* Release */,
			);
			defaultConfigurationIsVisible = 0;
			defaultConfigurationName = Release;
		};
		3EB67F0716FB203E00111A41 /* Build configuration list for PBXNativeTarget "gls_unlimited_not" */ = {
			isa = XCConfigurationList;
			buildConfigurations = (
				3EB67F0816FB203E00111A41 /* Debug */,
				3EB67F0916FB203E00111A41 /* Release */,
			);
			defaultConfigurationIsVisible = 0;
			defaultConfigurationName = Release;
		};
		3EB67F1716FB208A00111A41 /* Build configuration list for PBXNativeTarget "gls_unlimited_all" */ = {
			isa = XCConfigurationList;
			buildConfigurations = (
				3EB67F1816FB208A00111A41 /* Debug */,
				3EB67F1916FB208A00111A41 /* Release */,
			);
			defaultConfigurationIsVisible = 0;
			defaultConfigurationName = Release;
		};
		3EF08D8F174CE516007852C8 /* Build configuration list for PBXNativeTarget "propagule_size" */ = {
			isa = XCConfigurationList;
			buildConfigurations = (
				3EF08D90174CE516007852C8 /* Debug */,
				3EF08D91174CE516007852C8 /* Release */,
			);
			defaultConfigurationIsVisible = 0;
			defaultConfigurationName = Release;
		};
		424419ED15861127009863BE /* Build configuration list for PBXProject "ealife" */ = {
			isa = XCConfigurationList;
			buildConfigurations = (
				424419FB15861127009863BE /* Debug */,
				424419FC15861127009863BE /* Release */,
			);
			defaultConfigurationIsVisible = 0;
			defaultConfigurationName = Release;
		};
		42441A9215861725009863BE /* Build configuration list for PBXNativeTarget "gls" */ = {
			isa = XCConfigurationList;
			buildConfigurations = (
				42441A9315861725009863BE /* Debug */,
				42441A9415861725009863BE /* Release */,
			);
			defaultConfigurationIsVisible = 0;
			defaultConfigurationName = Release;
		};
/* End XCConfigurationList section */
	};
	rootObject = 424419EA15861127009863BE /* Project object */;
}
