<?xml version="1.0" encoding="UTF-8"?>
<Scheme
   version = "1.3">
   <BuildAction
      parallelizeBuildables = "YES"
      buildImplicitDependencies = "YES">
      <BuildActionEntries>
         <BuildActionEntry
            buildForTesting = "YES"
            buildForRunning = "YES"
            buildForProfiling = "YES"
            buildForArchiving = "YES"
            buildForAnalyzing = "YES">
            <BuildableReference
               BuildableIdentifier = "primary"
               BlueprintIdentifier = "42441A8A15861724009863BE"
               BuildableName = "gls"
               BlueprintName = "gls"
               ReferencedContainer = "container:ealife.xcodeproj">
            </BuildableReference>
         </BuildActionEntry>
      </BuildActionEntries>
   </BuildAction>
   <TestAction
      selectedDebuggerIdentifier = "Xcode.DebuggerFoundation.Debugger.GDB"
      selectedLauncherIdentifier = "Xcode.DebuggerFoundation.Launcher.GDB"
      shouldUseLaunchSchemeArgsEnv = "YES"
      buildConfiguration = "Debug">
      <Testables>
      </Testables>
      <MacroExpansion>
         <BuildableReference
            BuildableIdentifier = "primary"
            BlueprintIdentifier = "42441A8A15861724009863BE"
            BuildableName = "gls"
            BlueprintName = "gls"
            ReferencedContainer = "container:ealife.xcodeproj">
         </BuildableReference>
      </MacroExpansion>
   </TestAction>
   <LaunchAction
      selectedDebuggerIdentifier = "Xcode.DebuggerFoundation.Debugger.GDB"
      selectedLauncherIdentifier = "Xcode.DebuggerFoundation.Launcher.GDB"
      launchStyle = "0"
      useCustomWorkingDirectory = "YES"
      customWorkingDirectory = "/Users/hjg/Desktop/research/dol/var/gls-ealife/002-500-rerun/d_6"
      buildConfiguration = "Debug"
      ignoresPersistentStateOnLaunch = "NO"
      debugDocumentVersioning = "YES"
      allowLocationSimulation = "YES">
      <BuildableProductRunnable>
         <BuildableReference
            BuildableIdentifier = "primary"
            BlueprintIdentifier = "42441A8A15861724009863BE"
            BuildableName = "gls"
            BlueprintName = "gls"
            ReferencedContainer = "container:ealife.xcodeproj">
         </BuildableReference>
      </BuildableProductRunnable>
      <CommandLineArguments>
         <CommandLineArgument
            argument = "--with-time"
            isEnabled = "NO">
         </CommandLineArgument>
         <CommandLineArgument
            argument = " -l checkpoint-10000.xml --analyze lod_gls_rerun --ea.analysis.input.filename lod-10000.xml --ea.rng.seed 0"
            isEnabled = "NO">
         </CommandLineArgument>
         <CommandLineArgument
            argument = " -l checkpoint-500000.xml.gz --analyze lod_gls_long_aging --ea.analysis.input.filename lod-500000.xml.gz"
            isEnabled = "YES">
         </CommandLineArgument>
         <CommandLineArgument
            argument = " -l checkpoint-10000.xml --analyze lod_gls_aging --ea.analysis.input.filename lod-10000.xml --ea.rng.seed 0"
            isEnabled = "NO">
         </CommandLineArgument>
         <CommandLineArgument
            argument = " -l checkpoint-10000.xml --analyze lod_knockouts --ea.analysis.input.filename lod-10000.xml --ea.rng.seed 0"
            isEnabled = "NO">
         </CommandLineArgument>
      </CommandLineArguments>
      <AdditionalOptions>
      </AdditionalOptions>
   </LaunchAction>
   <ProfileAction
      shouldUseLaunchSchemeArgsEnv = "YES"
      savedToolIdentifier = ""
      useCustomWorkingDirectory = "NO"
      buildConfiguration = "Release"
      debugDocumentVersioning = "YES">
      <BuildableProductRunnable>
         <BuildableReference
            BuildableIdentifier = "primary"
            BlueprintIdentifier = "42441A8A15861724009863BE"
            BuildableName = "gls"
            BlueprintName = "gls"
            ReferencedContainer = "container:ealife.xcodeproj">
         </BuildableReference>
      </BuildableProductRunnable>
   </ProfileAction>
   <AnalyzeAction
      buildConfiguration = "Debug">
   </AnalyzeAction>
   <ArchiveAction
      buildConfiguration = "Release"
      revealArchiveInOrganizer = "YES">
   </ArchiveAction>
</Scheme>
